
Microsoft Visual Studio Solution File, Format Version 12.00
Project("{FAE04EC0-301F-11D3-BF4B-00C04F79EFBC}") = "program", "program\program.csproj", "{3208FDAC-E11B-4ACE-9212-078D4469793F}"
EndProject
Project("{FAE04EC0-301F-11D3-BF4B-00C04F79EFBC}") = "tcode", "tcode\tcode.csproj", "{0E6C0405-9A6D-43FD-BB8B-5D00D693CE24}"
EndProject
Project("{FAE04EC0-301F-11D3-BF4B-00C04F79EFBC}") = "extractor-openvr", "extractor-openvr\extractor-openvr.csproj", "{39FB643F-938F-4A35-80B5-E6C5E238762F}"
EndProject
Project("{FAE04EC0-301F-11D3-BF4B-00C04F79EFBC}") = "decoder", "decoder\decoder.csproj", "{031F9485-1DF6-4FF8-B858-D1017B7AA8CF}"
EndProject
Project("{FAE04EC0-301F-11D3-BF4B-00C04F79EFBC}") = "extractor-gdi", "extractor-gdi\extractor-gdi.csproj", "{93CF1970-794C-416A-AE46-6EE1C79FA227}"
EndProject
Project("{FAE04EC0-301F-11D3-BF4B-00C04F79EFBC}") = "core", "core\core.csproj", "{197C6FEC-50D7-45B3-A75B-D65D67425529}"
EndProject
Project("{FAE04EC0-301F-11D3-BF4B-00C04F79EFBC}") = "application-loop", "application-loop\application-loop.csproj", "{EEEFFAE1-64D9-423B-A34E-34D7F760AB6A}"
EndProject
Project("{FAE04EC0-301F-11D3-BF4B-00C04F79EFBC}") = "ui-imgui", "ui-imgui\ui-imgui.csproj", "{A0FD514B-A045-459F-9E91-D3A32251259E}"
EndProject
Project("{FAE04EC0-301F-11D3-BF4B-00C04F79EFBC}") = "robotics", "robotics\robotics.csproj", "{7F0AEAB7-2F72-4323-A228-7FE62E24A421}"
EndProject
Project("{FAE04EC0-301F-11D3-BF4B-00C04F79EFBC}") = "ClassLibrary1", "..\service-websockets\ClassLibrary1\ClassLibrary1.csproj", "{9CE83757-129C-4DED-B5D8-A0E2FC249717}"
EndProject
Project("{FAE04EC0-301F-11D3-BF4B-00C04F79EFBC}") = "service-websockets", "service-websockets\service-websockets.csproj", "{CDE788F4-9466-46D2-8D3B-DC9683A63EB9}"
EndProject
Global
	GlobalSection(SolutionConfigurationPlatforms) = preSolution
		Debug|Any CPU = Debug|Any CPU
		Release|Any CPU = Release|Any CPU
	EndGlobalSection
	GlobalSection(ProjectConfigurationPlatforms) = postSolution
		{3208FDAC-E11B-4ACE-9212-078D4469793F}.Debug|Any CPU.ActiveCfg = Debug|Any CPU
		{3208FDAC-E11B-4ACE-9212-078D4469793F}.Debug|Any CPU.Build.0 = Debug|Any CPU
		{3208FDAC-E11B-4ACE-9212-078D4469793F}.Release|Any CPU.ActiveCfg = Release|Any CPU
		{3208FDAC-E11B-4ACE-9212-078D4469793F}.Release|Any CPU.Build.0 = Release|Any CPU
		{0E6C0405-9A6D-43FD-BB8B-5D00D693CE24}.Debug|Any CPU.ActiveCfg = Debug|Any CPU
		{0E6C0405-9A6D-43FD-BB8B-5D00D693CE24}.Debug|Any CPU.Build.0 = Debug|Any CPU
		{0E6C0405-9A6D-43FD-BB8B-5D00D693CE24}.Release|Any CPU.ActiveCfg = Release|Any CPU
		{0E6C0405-9A6D-43FD-BB8B-5D00D693CE24}.Release|Any CPU.Build.0 = Release|Any CPU
		{39FB643F-938F-4A35-80B5-E6C5E238762F}.Debug|Any CPU.ActiveCfg = Debug|Any CPU
		{39FB643F-938F-4A35-80B5-E6C5E238762F}.Debug|Any CPU.Build.0 = Debug|Any CPU
		{39FB643F-938F-4A35-80B5-E6C5E238762F}.Release|Any CPU.ActiveCfg = Release|Any CPU
		{39FB643F-938F-4A35-80B5-E6C5E238762F}.Release|Any CPU.Build.0 = Release|Any CPU
		{031F9485-1DF6-4FF8-B858-D1017B7AA8CF}.Debug|Any CPU.ActiveCfg = Debug|Any CPU
		{031F9485-1DF6-4FF8-B858-D1017B7AA8CF}.Debug|Any CPU.Build.0 = Debug|Any CPU
		{031F9485-1DF6-4FF8-B858-D1017B7AA8CF}.Release|Any CPU.ActiveCfg = Release|Any CPU
		{031F9485-1DF6-4FF8-B858-D1017B7AA8CF}.Release|Any CPU.Build.0 = Release|Any CPU
		{93CF1970-794C-416A-AE46-6EE1C79FA227}.Debug|Any CPU.ActiveCfg = Debug|Any CPU
		{93CF1970-794C-416A-AE46-6EE1C79FA227}.Debug|Any CPU.Build.0 = Debug|Any CPU
		{93CF1970-794C-416A-AE46-6EE1C79FA227}.Release|Any CPU.ActiveCfg = Release|Any CPU
		{93CF1970-794C-416A-AE46-6EE1C79FA227}.Release|Any CPU.Build.0 = Release|Any CPU
		{197C6FEC-50D7-45B3-A75B-D65D67425529}.Debug|Any CPU.ActiveCfg = Debug|Any CPU
		{197C6FEC-50D7-45B3-A75B-D65D67425529}.Debug|Any CPU.Build.0 = Debug|Any CPU
		{197C6FEC-50D7-45B3-A75B-D65D67425529}.Release|Any CPU.ActiveCfg = Release|Any CPU
		{197C6FEC-50D7-45B3-A75B-D65D67425529}.Release|Any CPU.Build.0 = Release|Any CPU
		{EEEFFAE1-64D9-423B-A34E-34D7F760AB6A}.Debug|Any CPU.ActiveCfg = Debug|Any CPU
		{EEEFFAE1-64D9-423B-A34E-34D7F760AB6A}.Debug|Any CPU.Build.0 = Debug|Any CPU
		{EEEFFAE1-64D9-423B-A34E-34D7F760AB6A}.Release|Any CPU.ActiveCfg = Release|Any CPU
		{EEEFFAE1-64D9-423B-A34E-34D7F760AB6A}.Release|Any CPU.Build.0 = Release|Any CPU
		{A0FD514B-A045-459F-9E91-D3A32251259E}.Debug|Any CPU.ActiveCfg = Debug|Any CPU
		{A0FD514B-A045-459F-9E91-D3A32251259E}.Debug|Any CPU.Build.0 = Debug|Any CPU
		{A0FD514B-A045-459F-9E91-D3A32251259E}.Release|Any CPU.ActiveCfg = Release|Any CPU
		{A0FD514B-A045-459F-9E91-D3A32251259E}.Release|Any CPU.Build.0 = Release|Any CPU
		{7F0AEAB7-2F72-4323-A228-7FE62E24A421}.Debug|Any CPU.ActiveCfg = Debug|Any CPU
		{7F0AEAB7-2F72-4323-A228-7FE62E24A421}.Debug|Any CPU.Build.0 = Debug|Any CPU
		{7F0AEAB7-2F72-4323-A228-7FE62E24A421}.Release|Any CPU.ActiveCfg = Release|Any CPU
		{7F0AEAB7-2F72-4323-A228-7FE62E24A421}.Release|Any CPU.Build.0 = Release|Any CPU
		{9CE83757-129C-4DED-B5D8-A0E2FC249717}.Debug|Any CPU.ActiveCfg = Debug|Any CPU
		{9CE83757-129C-4DED-B5D8-A0E2FC249717}.Debug|Any CPU.Build.0 = Debug|Any CPU
		{9CE83757-129C-4DED-B5D8-A0E2FC249717}.Release|Any CPU.ActiveCfg = Release|Any CPU
		{9CE83757-129C-4DED-B5D8-A0E2FC249717}.Release|Any CPU.Build.0 = Release|Any CPU
		{CDE788F4-9466-46D2-8D3B-DC9683A63EB9}.Debug|Any CPU.ActiveCfg = Debug|Any CPU
		{CDE788F4-9466-46D2-8D3B-DC9683A63EB9}.Debug|Any CPU.Build.0 = Debug|Any CPU
		{CDE788F4-9466-46D2-8D3B-DC9683A63EB9}.Release|Any CPU.ActiveCfg = Release|Any CPU
		{CDE788F4-9466-46D2-8D3B-DC9683A63EB9}.Release|Any CPU.Build.0 = Release|Any CPU
	EndGlobalSection
EndGlobal
